<?xml version="1.0" encoding="utf-8"?>
<Project ToolsVersion="4.0" xmlns="http://schemas.microsoft.com/developer/msbuild/2003">
  <ItemGroup>
    <Filter Include="소스 파일">
      <UniqueIdentifier>{4FC737F1-C7A5-4376-A066-2A32D752A2FF}</UniqueIdentifier>
      <Extensions>cpp;c;cc;cxx;def;odl;idl;hpj;bat;asm;asmx</Extensions>
    </Filter>
    <Filter Include="헤더 파일">
      <UniqueIdentifier>{93995380-89BD-4b04-88EB-625FBE52EBFB}</UniqueIdentifier>
      <Extensions>h;hh;hpp;hxx;hm;inl;inc;ipp;xsd</Extensions>
    </Filter>
    <Filter Include="리소스 파일">
      <UniqueIdentifier>{67DA6AB6-F800-4c08-8B7A-83BB121AAD01}</UniqueIdentifier>
      <Extensions>rc;ico;cur;bmp;dlg;rc2;rct;bin;rgs;gif;jpg;jpeg;jpe;resx;tiff;tif;png;wav;mfcribbon-ms</Extensions>
    </Filter>
    <Filter Include="소스 파일\프레임워크">
      <UniqueIdentifier>{0dddc949-c9b8-4be8-a60d-8a7c656b29e4}</UniqueIdentifier>
    </Filter>
    <Filter Include="소스 파일\프레임워크\1. 시스템">
      <UniqueIdentifier>{aa489ba0-261a-4058-9489-92bdbcce79b0}</UniqueIdentifier>
    </Filter>
    <Filter Include="소스 파일\프레임워크\2.. 입력">
      <UniqueIdentifier>{dae00a60-103b-4a76-a558-cff56626b2fa}</UniqueIdentifier>
    </Filter>
    <Filter Include="소스 파일\프레임워크\3. 그래픽">
      <UniqueIdentifier>{a175d92e-d321-49c7-a973-4c79ca064af2}</UniqueIdentifier>
    </Filter>
  </ItemGroup>
  <ItemGroup>
    <ClCompile Include="main.cpp">
      <Filter>소스 파일</Filter>
    </ClCompile>
    <ClCompile Include="SystemClass.cpp">
      <Filter>소스 파일\프레임워크\1. 시스템</Filter>
    </ClCompile>
    <ClCompile Include="InputClass.cpp">
      <Filter>소스 파일\프레임워크\2.. 입력</Filter>
    </ClCompile>
    <ClCompile Include="GraphicsClass.cpp">
      <Filter>소스 파일\프레임워크\3. 그래픽</Filter>
    </ClCompile>
  </ItemGroup>
  <ItemGroup>
    <ClInclude Include="SystemClass.h">
      <Filter>소스 파일\프레임워크\1. 시스템</Filter>
    </ClInclude>
    <ClInclude Include="InputClass.h">
      <Filter>소스 파일\프레임워크\2.. 입력</Filter>
    </ClInclude>
    <ClInclude Include="GraphicsClass.h">
      <Filter>소스 파일\프레임워크\3. 그래픽</Filter>
    </ClInclude>
    <ClInclude Include="Include.h">
      <Filter>헤더 파일</Filter>
    </ClInclude>
  </ItemGroup>
</Project>