<?xml version="1.0" encoding="utf-8"?>
<Project ToolsVersion="4.0" xmlns="http://schemas.microsoft.com/developer/msbuild/2003">
  <ItemGroup>
    <Filter Include="소스 파일">
      <UniqueIdentifier>{4FC737F1-C7A5-4376-A066-2A32D752A2FF}</UniqueIdentifier>
      <Extensions>cpp;c;cc;cxx;def;odl;idl;hpj;bat;asm;asmx</Extensions>
    </Filter>
    <Filter Include="헤더 파일">
      <UniqueIdentifier>{93995380-89BD-4b04-88EB-625FBE52EBFB}</UniqueIdentifier>
      <Extensions>h;hh;hpp;hxx;hm;inl;inc;ipp;xsd</Extensions>
    </Filter>
    <Filter Include="리소스 파일">
      <UniqueIdentifier>{67DA6AB6-F800-4c08-8B7A-83BB121AAD01}</UniqueIdentifier>
      <Extensions>rc;ico;cur;bmp;dlg;rc2;rct;bin;rgs;gif;jpg;jpeg;jpe;resx;tiff;tif;png;wav;mfcribbon-ms</Extensions>
    </Filter>
    <Filter Include="소스 파일\Windows">
      <UniqueIdentifier>{37a4f997-7078-44d9-8c13-412b2f5416b8}</UniqueIdentifier>
    </Filter>
    <Filter Include="소스 파일\Windows\Base">
      <UniqueIdentifier>{f8465eb8-92ad-4681-aa0c-679cd4203df9}</UniqueIdentifier>
    </Filter>
    <Filter Include="소스 파일\Windows\My">
      <UniqueIdentifier>{ad770456-ba8c-49f4-b26a-48bc48835ae8}</UniqueIdentifier>
    </Filter>
    <Filter Include="소스 파일\Windows\Sub">
      <UniqueIdentifier>{cf2936de-5347-4aa0-8ca6-dc53db068717}</UniqueIdentifier>
    </Filter>
    <Filter Include="소스 파일\Windows\Sub\Img">
      <UniqueIdentifier>{be979d7e-dc9e-4e1e-84f3-002f9c09322d}</UniqueIdentifier>
    </Filter>
    <Filter Include="소스 파일\Windows\Sub\Time">
      <UniqueIdentifier>{43b1d4df-1a27-4fc5-9c08-154568d4ada0}</UniqueIdentifier>
    </Filter>
    <Filter Include="소스 파일\Windows\Sub\Singleton">
      <UniqueIdentifier>{63519fe7-0a46-47e5-aca4-bc7ab56a8998}</UniqueIdentifier>
    </Filter>
    <Filter Include="소스 파일\Windows\Sub\Img\Manager">
      <UniqueIdentifier>{e6e0a0d0-36ca-4601-8bac-56906a2e55f1}</UniqueIdentifier>
    </Filter>
    <Filter Include="소스 파일\Windows\Sub\Time\Manager">
      <UniqueIdentifier>{dea243d6-8e81-42a1-b1d4-7cb25e727098}</UniqueIdentifier>
    </Filter>
    <Filter Include="소스 파일\Windows\Sub\Img\Class">
      <UniqueIdentifier>{34701435-49fd-4ef0-b5c6-c5414c06f6d8}</UniqueIdentifier>
    </Filter>
    <Filter Include="소스 파일\Windows\Sub\Time\Class">
      <UniqueIdentifier>{d4f707c5-7d9a-4a93-a3bf-f6f2f5879e8c}</UniqueIdentifier>
    </Filter>
  </ItemGroup>
  <ItemGroup>
    <ClInclude Include="Global.h">
      <Filter>헤더 파일</Filter>
    </ClInclude>
    <ClInclude Include="Base.h">
      <Filter>소스 파일\Windows\Base</Filter>
    </ClInclude>
    <ClInclude Include="My.h">
      <Filter>소스 파일\Windows\My</Filter>
    </ClInclude>
    <ClInclude Include="SingletonA.h">
      <Filter>소스 파일\Windows\Sub\Singleton</Filter>
    </ClInclude>
    <ClInclude Include="SingletonB.h">
      <Filter>소스 파일\Windows\Sub\Singleton</Filter>
    </ClInclude>
    <ClInclude Include="Image.h">
      <Filter>소스 파일\Windows\Sub\Img\Class</Filter>
    </ClInclude>
    <ClInclude Include="ImageManager.h">
      <Filter>소스 파일\Windows\Sub\Img\Manager</Filter>
    </ClInclude>
    <ClInclude Include="Time.h">
      <Filter>소스 파일\Windows\Sub\Time\Class</Filter>
    </ClInclude>
    <ClInclude Include="TimeManager.h">
      <Filter>소스 파일\Windows\Sub\Time\Manager</Filter>
    </ClInclude>
  </ItemGroup>
  <ItemGroup>
    <ClCompile Include="Base.cpp">
      <Filter>소스 파일\Windows\Base</Filter>
    </ClCompile>
    <ClCompile Include="Main.cpp">
      <Filter>소스 파일\Windows\Base</Filter>
    </ClCompile>
    <ClCompile Include="My.cpp">
      <Filter>소스 파일\Windows\My</Filter>
    </ClCompile>
    <ClCompile Include="Image.cpp">
      <Filter>소스 파일\Windows\Sub\Img\Class</Filter>
    </ClCompile>
    <ClCompile Include="ImageManager.cpp">
      <Filter>소스 파일\Windows\Sub\Img\Manager</Filter>
    </ClCompile>
    <ClCompile Include="Time.cpp">
      <Filter>소스 파일\Windows\Sub\Time\Class</Filter>
    </ClCompile>
    <ClCompile Include="TimeManager.cpp">
      <Filter>소스 파일\Windows\Sub\Time\Manager</Filter>
    </ClCompile>
  </ItemGroup>
</Project>